<?xml version="1.0" encoding="utf-8"?>
<Project ToolsVersion="4.0" xmlns="http://schemas.microsoft.com/developer/msbuild/2003">
  <ItemGroup>
    <ClCompile Include="About.cpp" />
    <ClCompile Include="DialogConfiguration\DialogResize.cpp" />
    <ClCompile Include="ISPProc.cpp" />
    <ClCompile Include="DialogHex.cpp" />
    <ClCompile Include="DialogMain.cpp" />
    <ClCompile Include="DlgNuvoISP.cpp" />
    <ClCompile Include="fileinfo.cpp" />
    <ClCompile Include="ISPLdCMD.cpp" />
    <ClCompile Include="Lang.cpp" />
    <ClCompile Include="NumEdit.cpp" />
    <ClCompile Include="NuvoISPTool.cpp" />
    <ClCompile Include="stdafx.cpp" />
    <ClCompile Include="ThirdParty\hidapi\windows\hid.c" />
    <ClCompile Include="DataBase\FlashInfo.cpp">
      <Filter>DataBase</Filter>
    </ClCompile>
    <ClCompile Include="DataBase\NuDataBase.cpp">
      <Filter>DataBase</Filter>
    </ClCompile>
    <ClCompile Include="DataBase\PartNumID.cpp">
      <Filter>DataBase</Filter>
    </ClCompile>
    <ClCompile Include="DialogChipSetting\DialogChipSetting_NuMicro.cpp">
      <Filter>DialogChipSetting</Filter>
    </ClCompile>
    <ClCompile Include="DialogChipSetting\DialogChipSetting_SECURE_M2351.cpp">
      <Filter>DialogChipSetting</Filter>
    </ClCompile>
    <ClCompile Include="DialogChipSetting\DialogChipSetting_APWPROT.cpp">
      <Filter>DialogChipSetting</Filter>
    </ClCompile>
    <ClCompile Include="DialogChipSetting\DialogChipSetting_CFG_M0A21.cpp">
      <Filter>DialogChipSetting</Filter>
    </ClCompile>
    <ClCompile Include="DialogChipSetting\DialogChipSetting_CFG_M2L31.cpp">
      <Filter>DialogChipSetting</Filter>
    </ClCompile>
    <ClCompile Include="DialogChipSetting\DialogChipSetting_CFG_M460.cpp">
      <Filter>DialogChipSetting</Filter>
    </ClCompile>
    <ClCompile Include="DialogChipSetting\DialogChipSetting_CFG_M2351.cpp">
      <Filter>DialogChipSetting</Filter>
    </ClCompile>
    <ClCompile Include="DialogChipSetting\DialogChipSetting_M2A23.cpp">
      <Filter>DialogChipSetting</Filter>
    </ClCompile>
    <ClCompile Include="DialogChipSetting\DialogChipSetting_M2L31.cpp">
      <Filter>DialogChipSetting</Filter>
    </ClCompile>
    <ClCompile Include="DialogChipSetting\DialogChipSetting_M55M1.cpp">
      <Filter>DialogChipSetting</Filter>
    </ClCompile>
    <ClCompile Include="DialogChipSetting\DialogChipSetting_M251.cpp">
      <Filter>DialogChipSetting</Filter>
    </ClCompile>
    <ClCompile Include="DialogChipSetting\DialogChipSetting_M460.cpp">
      <Filter>DialogChipSetting</Filter>
    </ClCompile>
    <ClCompile Include="DialogChipSetting\DialogChipSetting_M480LD.cpp">
      <Filter>DialogChipSetting</Filter>
    </ClCompile>
    <ClCompile Include="DialogChipSetting\DialogChipSetting_M2351.cpp">
      <Filter>DialogChipSetting</Filter>
    </ClCompile>
    <ClCompile Include="DialogChipSetting\DialogChipSetting_CFG_M55M1.cpp">
      <Filter>DialogChipSetting</Filter>
    </ClCompile>
    <ClCompile Include="DialogChipSetting\DialogChipSetting_M2354.cpp">
      <Filter>DialogChipSetting</Filter>
    </ClCompile>
    <ClCompile Include="DialogConfiguration\AppConfig.cpp">
      <Filter>DialogConfiguration</Filter>
    </ClCompile>
    <ClCompile Include="DialogConfiguration\DialogConfiguration_AU9100.cpp">
      <Filter>DialogConfiguration</Filter>
    </ClCompile>
    <ClCompile Include="DialogConfiguration\DialogConfiguration_I94000.cpp">
      <Filter>DialogConfiguration</Filter>
    </ClCompile>
    <ClCompile Include="DialogConfiguration\DialogConfiguration_M05x.cpp">
      <Filter>DialogConfiguration</Filter>
    </ClCompile>
    <ClCompile Include="DialogConfiguration\DialogConfiguration_M251.cpp">
      <Filter>DialogConfiguration</Filter>
    </ClCompile>
    <ClCompile Include="DialogConfiguration\DialogConfiguration_M451.cpp">
      <Filter>DialogConfiguration</Filter>
    </ClCompile>
    <ClCompile Include="DialogConfiguration\DialogConfiguration_M480.cpp">
      <Filter>DialogConfiguration</Filter>
    </ClCompile>
    <ClCompile Include="DialogConfiguration\DialogConfiguration_M0564.cpp">
      <Filter>DialogConfiguration</Filter>
    </ClCompile>
    <ClCompile Include="DialogConfiguration\DialogConfiguration_Mini51.cpp">
      <Filter>DialogConfiguration</Filter>
    </ClCompile>
    <ClCompile Include="DialogConfiguration\DialogConfiguration_Mini51CN.cpp">
      <Filter>DialogConfiguration</Filter>
    </ClCompile>
    <ClCompile Include="DialogConfiguration\DialogConfiguration_MT500.cpp">
      <Filter>DialogConfiguration</Filter>
    </ClCompile>
    <ClCompile Include="DialogConfiguration\DialogConfiguration_N570.cpp">
      <Filter>DialogConfiguration</Filter>
    </ClCompile>
    <ClCompile Include="DialogConfiguration\DialogConfiguration_Nano100.cpp">
      <Filter>DialogConfiguration</Filter>
    </ClCompile>
    <ClCompile Include="DialogConfiguration\DialogConfiguration_Nano103.cpp">
      <Filter>DialogConfiguration</Filter>
    </ClCompile>
    <ClCompile Include="DialogConfiguration\DialogConfiguration_Nano112.cpp">
      <Filter>DialogConfiguration</Filter>
    </ClCompile>
    <ClCompile Include="DialogConfiguration\DialogConfiguration_NM1120.cpp">
      <Filter>DialogConfiguration</Filter>
    </ClCompile>
    <ClCompile Include="DialogConfiguration\DialogConfiguration_NM1200.cpp">
      <Filter>DialogConfiguration</Filter>
    </ClCompile>
    <ClCompile Include="DialogConfiguration\DialogConfiguration_NUC1xx.cpp">
      <Filter>DialogConfiguration</Filter>
    </ClCompile>
    <ClCompile Include="DialogConfiguration\DialogConfiguration_NUC2xx.cpp">
      <Filter>DialogConfiguration</Filter>
    </ClCompile>
    <ClCompile Include="DialogConfiguration\DialogConfiguration_NUC4xx.cpp">
      <Filter>DialogConfiguration</Filter>
    </ClCompile>
    <ClCompile Include="DialogConfiguration\DialogConfiguration_NUC102.cpp">
      <Filter>DialogConfiguration</Filter>
    </ClCompile>
    <ClCompile Include="DialogConfiguration\DialogConfiguration_NUC103.cpp">
      <Filter>DialogConfiguration</Filter>
    </ClCompile>
    <ClCompile Include="DialogConfiguration\DialogConfiguration_OT8051.cpp">
      <Filter>DialogConfiguration</Filter>
    </ClCompile>
    <ClCompile Include="DialogConfiguration\DialogConfiguration_I96000.cpp">
      <Filter>DialogConfiguration</Filter>
    </ClCompile>
    <ClCompile Include="DialogConfiguration\DialogConfiguration_M031.cpp">
      <Filter>DialogConfiguration</Filter>
    </ClCompile>
    <ClCompile Include="DialogConfiguration\DialogConfiguration_N79E855.cpp">
      <Filter>DialogConfiguration</Filter>
    </ClCompile>
    <ClCompile Include="DialogConfiguration\DialogConfiguration_N572.cpp">
      <Filter>DialogConfiguration</Filter>
    </ClCompile>
    <ClCompile Include="DialogConfiguration\DialogConfiguration_N572F064.cpp">
      <Filter>DialogConfiguration</Filter>
    </ClCompile>
    <ClCompile Include="DialogConfiguration\DialogConfiguration_N572F072.cpp">
      <Filter>DialogConfiguration</Filter>
    </ClCompile>
    <ClCompile Include="DialogConfiguration\DialogConfiguration_N574.cpp">
      <Filter>DialogConfiguration</Filter>
    </ClCompile>
    <ClCompile Include="Interface\CHidIO2.cpp">
      <Filter>Interface</Filter>
    </ClCompile>
    <ClCompile Include="Interface\CUartIO.cpp">
      <Filter>Interface</Filter>
    </ClCompile>
    <ClCompile Include="Interface\CTRSP.cpp">
      <Filter>Interface</Filter>
    </ClCompile>
  </ItemGroup>
  <ItemGroup>
    <ClInclude Include="Lang.h" />
    <ClInclude Include="Nu_Link.h" />
    <ClInclude Include="resource.h" />
    <ClInclude Include="stdafx.h" />
    <ClInclude Include="targetver.h" />
    <ClInclude Include="DataBase\ChipDefs.h">
      <Filter>DataBase</Filter>
    </ClInclude>
    <ClInclude Include="DataBase\FlashInfo.h">
      <Filter>DataBase</Filter>
    </ClInclude>
    <ClInclude Include="DataBase\IGetChipInformation.h">
      <Filter>DataBase</Filter>
    </ClInclude>
    <ClInclude Include="DataBase\NuDataBase.h">
      <Filter>DataBase</Filter>
    </ClInclude>
    <ClInclude Include="DataBase\PartNumID.h">
      <Filter>DataBase</Filter>
    </ClInclude>
    <ClInclude Include="DialogChipSetting\DialogChipSetting_NuMicro.h">
      <Filter>DialogChipSetting</Filter>
    </ClInclude>
    <ClInclude Include="DialogChipSetting\DialogChipSetting_SECURE_M2351.h">
      <Filter>DialogChipSetting</Filter>
    </ClInclude>
    <ClInclude Include="DialogChipSetting\DialogChipSetting_APWPROT.h">
      <Filter>DialogChipSetting</Filter>
    </ClInclude>
    <ClInclude Include="DialogChipSetting\DialogChipSetting_CFG_M0A21.h">
      <Filter>DialogChipSetting</Filter>
    </ClInclude>
    <ClInclude Include="DialogChipSetting\DialogChipSetting_CFG_M2L31.h">
      <Filter>DialogChipSetting</Filter>
    </ClInclude>
    <ClInclude Include="DialogChipSetting\DialogChipSetting_M2351.h">
      <Filter>DialogChipSetting</Filter>
    </ClInclude>
    <ClInclude Include="DialogChipSetting\DialogChipSetting_CFG_M55M1.h">
      <Filter>DialogChipSetting</Filter>
    </ClInclude>
    <ClInclude Include="DialogChipSetting\DialogChipSetting_CFG_M460.h">
      <Filter>DialogChipSetting</Filter>
    </ClInclude>
    <ClInclude Include="DialogChipSetting\DialogChipSetting_CFG_M2351.h">
      <Filter>DialogChipSetting</Filter>
    </ClInclude>
    <ClInclude Include="DialogChipSetting\DialogChipSetting_M2A23.h">
      <Filter>DialogChipSetting</Filter>
    </ClInclude>
    <ClInclude Include="DialogChipSetting\DialogChipSetting_M2L31.h">
      <Filter>DialogChipSetting</Filter>
    </ClInclude>
    <ClInclude Include="DialogChipSetting\DialogChipSetting_M55M1.h">
      <Filter>DialogChipSetting</Filter>
    </ClInclude>
    <ClInclude Include="DialogChipSetting\DialogChipSetting_M251.h">
      <Filter>DialogChipSetting</Filter>
    </ClInclude>
    <ClInclude Include="DialogChipSetting\DialogChipSetting_M460.h">
      <Filter>DialogChipSetting</Filter>
    </ClInclude>
    <ClInclude Include="DialogChipSetting\DialogChipSetting_M480LD.h">
      <Filter>DialogChipSetting</Filter>
    </ClInclude>
    <ClInclude Include="DialogChipSetting\DialogChipSetting_M2354.h">
      <Filter>DialogChipSetting</Filter>
    </ClInclude>
  </ItemGroup>
  <ItemGroup>
    <ResourceCompile Include="ISPTool.rc" />
  </ItemGroup>
  <ItemGroup>
    <None Include="res\1373459379_4852.ico" />
    <None Include="res\banner.bmp" />
    <None Include="res\chips.bmp" />
    <None Include="res\k-cm-memory.ico" />
    <None Include="res\nulink.ico" />
    <None Include="res\nuvoton.bmp" />
    <None Include="res\xp_style.xml" />
  </ItemGroup>
  <ItemGroup>
    <Filter Include="DataBase">
      <UniqueIdentifier>{0df723d4-570d-4e9d-9313-e5c89a56eea6}</UniqueIdentifier>
    </Filter>
    <Filter Include="DialogChipSetting">
      <UniqueIdentifier>{ba343bf4-898d-4f79-a1a6-a3e982976a2f}</UniqueIdentifier>
    </Filter>
    <Filter Include="DialogConfiguration">
      <UniqueIdentifier>{8faf9cbf-3d12-4095-8f65-92095b22515d}</UniqueIdentifier>
    </Filter>
    <Filter Include="Interface">
      <UniqueIdentifier>{00ee8bf7-c83d-4d29-b652-dbe030bc6198}</UniqueIdentifier>
    </Filter>
  </ItemGroup>
</Project>