
Microsoft Visual Studio Solution File, Format Version 10.00
# Visual Studio 2008
Project("{8BC9CEB8-8B4A-11D0-8D11-00A0C91BC942}") = "NuvoISP_VS2008", "NuvoISP_VS2008.vcproj", "{397D4EE3-90A8-4A41-AE5E-1F8D68E9FFDC}"
EndProject
Global
	GlobalSection(SolutionConfigurationPlatforms) = preSolution
		Debug|Win32 = Debug|Win32
		Release|Win32 = Release|Win32
	EndGlobalSection
	GlobalSection(ProjectConfigurationPlatforms) = postSolution
		{397D4EE3-90A8-4A41-AE5E-1F8D68E9FFDC}.Debug|Win32.ActiveCfg = Debug|Win32
		{397D4EE3-90A8-4A41-AE5E-1F8D68E9FFDC}.Debug|Win32.Build.0 = Debug|Win32
		{397D4EE3-90A8-4A41-AE5E-1F8D68E9FFDC}.Release|Win32.ActiveCfg = Release|Win32
		{397D4EE3-90A8-4A41-AE5E-1F8D68E9FFDC}.Release|Win32.Build.0 = Release|Win32
	EndGlobalSection
	GlobalSection(SolutionProperties) = preSolution
		HideSolutionNode = FALSE
	EndGlobalSection
EndGlobal
